
Microsoft Visual Studio Solution File, Format Version 12.00
# Visual Studio Version 17
VisualStudioVersion = 17.4.33103.184
MinimumVisualStudioVersion = 10.0.40219.1
Project("{FAE04EC0-301F-11D3-BF4B-00C04F79EFBC}") = "Timesheet", "Timesheet\Timesheet.csproj", "{91DB017E-0425-4D46-B9AD-416D3B5AC1B9}"
EndProject
Global
	GlobalSection(SolutionConfigurationPlatforms) = preSolution
		Debug|Any CPU = Debug|Any CPU
		Release|Any CPU = Release|Any CPU
	EndGlobalSection
	GlobalSection(ProjectConfigurationPlatforms) = postSolution
		{91DB017E-0425-4D46-B9AD-416D3B5AC1B9}.Debug|Any CPU.ActiveCfg = Debug|Any CPU
		{91DB017E-0425-4D46-B9AD-416D3B5AC1B9}.Debug|Any CPU.Build.0 = Debug|Any CPU
		{91DB017E-0425-4D46-B9AD-416D3B5AC1B9}.Release|Any CPU.ActiveCfg = Release|Any CPU
		{91DB017E-0425-4D46-B9AD-416D3B5AC1B9}.Release|Any CPU.Build.0 = Release|Any CPU
	EndGlobalSection
	GlobalSection(SolutionProperties) = preSolution
		HideSolutionNode = FALSE
	EndGlobalSection
	GlobalSection(ExtensibilityGlobals) = postSolution
		SolutionGuid = {67091483-5336-4FF2-B6A4-E36D970C237A}
	EndGlobalSection
EndGlobal
